<Solution>
  <Folder Name="/Solution Items/">
    <File Path=".editorconfig" />
    <File Path=".gitignore" />
    <File Path="build.yml" />
    <File Path="README.md" />
  </Folder>
  <Project Path="src/Kros.KORM.Extensions.Asp.csproj" />
  <Project Path="tests/Kros.KORM.Extensions.Api.UnitTests.csproj" />
</Solution>
